{
    "_meta": {
        "hash": {
            "sha256": "fe90be3394f457b04e2918085a28272f406fbb952fa208e92ae4bc665efa2e7a"
        },
        "pipfile-spec": 6,
        "requires": {
            "python_version": "3.13"
        },
        "sources": [
            {
                "name": "pypi",
                "url": "https://pypi.org/simple",
                "verify_ssl": true
            }
        ]
    },
    "default": {
        "altgraph": {
            "hashes": [
                "sha256:c87b395dd12fabde9c99573a9749d67da8d29ef9de0125c7f536699b4a9bc9e7",
                "sha256:f3a22400bce1b0c701683820ac4f3b159cd301acab067c51c653e06961600597"
            ],
            "version": "==0.17.5"
        },
        "packaging": {
            "hashes": [
                "sha256:29572ef2b1f17581046b3a2227d5c611fb25ec70ca1ba8554b24b0e69331a484",
                "sha256:d443872c98d677bf60f6a1f2f8c1cb748e8fe762d2bf9d3148b5599295b0fc4f"
            ],
            "markers": "python_version >= '3.8'",
            "version": "==25.0"
        },
        "pefile": {
            "hashes": [
                "sha256:82e6114004b3d6911c77c3953e3838654b04511b8b66e8583db70c65998017dc",
                "sha256:da185cd2af68c08a6cd4481f7325ed600a88f6a813bad9dea07ab3ef73d8d8d6"
            ],
            "markers": "python_full_version >= '3.6.0'",
            "version": "==2023.2.7"
        },
        "pyinstaller": {
            "hashes": [
                "sha256:0a48f55b85ff60f83169e10050f2759019cf1d06773ad1c4da3a411cd8751058",
                "sha256:53559fe1e041a234f2b4dcc3288ea8bdd57f7cad8a6644e422c27bb407f3edef",
                "sha256:6d5f8617f3650ff9ef893e2ab4ddbf3c0d23d0c602ef74b5df8fbef4607840c8",
                "sha256:73ba72e04fcece92e32518bbb1e1fb5ac2892677943dfdff38e01a06e8742851",
                "sha256:7fd1c785219a87ca747c21fa92f561b0d2926a7edc06d0a0fe37f3736e00bd7a",
                "sha256:b1752488248f7899281b17ca3238eefb5410521291371a686a4f5830f29f52b3",
                "sha256:b756ddb9007b8141c5476b553351f9d97559b8af5d07f9460869bfae02be26b0",
                "sha256:ba618a61627ee674d6d68e5de084ba17c707b59a4f2a856084b3999bdffbd3f0",
                "sha256:bc10eb1a787f99fea613509f55b902fbd2d8b73ff5f51ff245ea29a481d97d41",
                "sha256:c8b7ef536711617e12fef4673806198872033fa06fa92326ad7fd1d84a9fa454",
                "sha256:d0af8a401de792c233c32c44b16d065ca9ab8262ee0c906835c12bdebc992a64",
                "sha256:d1ebf84d02c51fed19b82a8abb4df536923abd55bb684d694e1356e4ae2a0ce5"
            ],
            "index": "pypi",
            "markers": "python_version < '3.15' and python_version >= '3.8'",
            "version": "==6.16.0"
        },
        "pyinstaller-hooks-contrib": {
            "hashes": [
                "sha256:a1a737e5c0dccf1cf6f19a25e2efd109b9fec9ddd625f97f553dac16ee884881",
                "sha256:aa7a378518772846221f63a84d6306d9827299323243db890851474dfd1231a9"
            ],
            "markers": "python_version >= '3.8'",
            "version": "==2025.10"
        },
        "pyside6": {
            "hashes": [
                "sha256:4053bf51ba2c2cb20e1005edd469997976a02cec009f7c46356a0b65c137f1fa",
                "sha256:7d3ca20a40139ca5324a7864f1d91cdf2ff237e11bd16354a42670f2a4eeb13c",
                "sha256:9c5c1d94387d1a32a6fae25348097918ef413b87dfa3767c46f737c6d48ae437",
                "sha256:9f89ff994f774420eaa38cec6422fddd5356611d8481774820befd6f3bb84c9e",
                "sha256:d0e70dd0e126d01986f357c2a555722f9462cf8a942bf2ce180baf69f468e516"
            ],
            "index": "pypi",
            "markers": "python_version < '3.15' and python_version >= '3.9'",
            "version": "==6.10.1"
        },
        "pyside6-addons": {
            "hashes": [
                "sha256:0de303c0447326cdc6c8be5ab066ef581e2d0baf22560c9362d41b8304fdf2db",
                "sha256:330c229b58d30083a7b99ed22e118eb4f4126408429816a4044ccd0438ae81b4",
                "sha256:4d2b82bbf9b861134845803837011e5f9ac7d33661b216805273cf0c6d0f8e82",
                "sha256:56864b5fecd6924187a2d0f7e98d968ed72b6cc267caa5b294cd7e88fff4e54c",
                "sha256:b6e249d15407dd33d6a2ffabd9dc6d7a8ab8c95d05f16a71dad4d07781c76341"
            ],
            "index": "pypi",
            "markers": "python_version < '3.15' and python_version >= '3.9'",
            "version": "==6.10.1"
        },
        "pyside6-essentials": {
            "hashes": [
                "sha256:4d1d248644f1778f8ddae5da714ca0f5a150a5e6f602af2765a7d21b876da05c",
                "sha256:9555a48e8f0acf63fc6a23c250808db841b28a66ed6ad89ee0e4df7628752674",
                "sha256:cd224aff3bb26ff1fca32c050e1c4d0bd9f951a96219d40d5f3d0128485b0bbe",
                "sha256:e9ccbfb58c03911a0bce1f2198605b02d4b5ca6276bfc0cbcf7c6f6393ffb856",
                "sha256:ec8617c9b143b0c19ba1cc5a7e98c538e4143795480cb152aee47802c18dc5d2"
            ],
            "index": "pypi",
            "markers": "python_version < '3.15' and python_version >= '3.9'",
            "version": "==6.10.1"
        },
        "pywin32-ctypes": {
            "hashes": [
                "sha256:8a1513379d709975552d202d942d9837758905c8d01eb82b8bcc30918929e7b8",
                "sha256:d162dc04946d704503b2edc4d55f3dba5c1d539ead017afa00142c38b9885755"
            ],
            "markers": "python_version >= '3.6'",
            "version": "==0.2.3"
        },
        "setuptools": {
            "hashes": [
                "sha256:062d34222ad13e0cc312a4c02d73f059e86a4acbfbdea8f8f76b28c99f306922",
                "sha256:f36b47402ecde768dbfafc46e8e4207b4360c654f1f3bb84475f0a28628fb19c"
            ],
            "markers": "python_version >= '3.9'",
            "version": "==80.9.0"
        },
        "shiboken6": {
            "hashes": [
                "sha256:5cf800917008587b551005a45add2d485cca66f5f7ecd5b320e9954e40448cc9",
                "sha256:9f2990f5b61b0b68ecadcd896ab4441f2cb097eef7797ecc40584107d9850d71",
                "sha256:c095b00f4d6bf578c0b2464bb4e264b351a99345374478570f69e2e679a2a1d0",
                "sha256:c1601d3cda1fa32779b141663873741b54e797cb0328458d7466281f117b0a4e",
                "sha256:f4221a52dfb81f24a0d20cc4f8981cb6edd810d5a9fb28287ce10d342573a0e4"
            ],
            "markers": "python_version < '3.15' and python_version >= '3.9'",
            "version": "==6.10.1"
        }
    },
    "develop": {}
}
